
Microsoft Visual Studio Solution File, Format Version 12.00
# Visual Studio Version 17
VisualStudioVersion = 17.14.36202.13
MinimumVisualStudioVersion = 10.0.40219.1
Project("{FAE04EC0-301F-11D3-BF4B-00C04F79EFBC}") = "Notes", "Notes\Notes.csproj", "{A5BC231F-BE55-41FB-B61C-B1161D19952D}"
EndProject
Global
	GlobalSection(SolutionConfigurationPlatforms) = preSolution
		Debug|Any CPU = Debug|Any CPU
		Release|Any CPU = Release|Any CPU
	EndGlobalSection
	GlobalSection(ProjectConfigurationPlatforms) = postSolution
		{A5BC231F-BE55-41FB-B61C-B1161D19952D}.Debug|Any CPU.ActiveCfg = Debug|Any CPU
		{A5BC231F-BE55-41FB-B61C-B1161D19952D}.Debug|Any CPU.Build.0 = Debug|Any CPU
		{A5BC231F-BE55-41FB-B61C-B1161D19952D}.Release|Any CPU.ActiveCfg = Release|Any CPU
		{A5BC231F-BE55-41FB-B61C-B1161D19952D}.Release|Any CPU.Build.0 = Release|Any CPU
	EndGlobalSection
	GlobalSection(SolutionProperties) = preSolution
		HideSolutionNode = FALSE
	EndGlobalSection
	GlobalSection(ExtensibilityGlobals) = postSolution
		SolutionGuid = {8C4DB1CB-92D4-4A2C-AED7-B689091760F5}
	EndGlobalSection
EndGlobal
